// !$*UTF8*$!
{
	archiveVersion = 1;
	classes = {
	};
	objectVersion = 77;
	objects = {

/* Begin PBXBuildFile section */
		B9D45E0F2E57DF58003A6F92 /* WidgetKit.framework in Frameworks */ = {isa = PBXBuildFile; fileRef = B9D45E0E2E57DF58003A6F92 /* WidgetKit.framework */; };
		B9D45E112E57DF58003A6F92 /* SwiftUI.framework in Frameworks */ = {isa = PBXBuildFile; fileRef = B9D45E102E57DF58003A6F92 /* SwiftUI.framework */; };
		B9D45E202E57DF59003A6F92 /* StellaFuelBuddyWidgetExtension.appex in Embed Foundation Extensions */ = {isa = PBXBuildFile; fileRef = B9D45E0C2E57DF58003A6F92 /* StellaFuelBuddyWidgetExtension.appex */; settings = {ATTRIBUTES = (RemoveHeadersOnCopy, ); }; };
/* End PBXBuildFile section */

/* Begin PBXContainerItemProxy section */
		B9D45E1E2E57DF59003A6F92 /* PBXContainerItemProxy */ = {
			isa = PBXContainerItemProxy;
			containerPortal = B9CABC6D2E53E69F0039E6F3 /* Project object */;
			proxyType = 1;
			remoteGlobalIDString = B9D45E0B2E57DF58003A6F92;
			remoteInfo = StellaFuelBuddyWidgetExtension;
		};
/* End PBXContainerItemProxy section */

/* Begin PBXCopyFilesBuildPhase section */
		B9D45E252E57DF59003A6F92 /* Embed Foundation Extensions */ = {
			isa = PBXCopyFilesBuildPhase;
			buildActionMask = 2147483647;
			dstPath = "";
			dstSubfolderSpec = 13;
			files = (
				B9D45E202E57DF59003A6F92 /* StellaFuelBuddyWidgetExtension.appex in Embed Foundation Extensions */,
			);
			name = "Embed Foundation Extensions";
			runOnlyForDeploymentPostprocessing = 0;
		};
/* End PBXCopyFilesBuildPhase section */

/* Begin PBXFileReference section */
		B9CABC752E53E69F0039E6F3 /* StellaFuelBuddy.app */ = {isa = PBXFileReference; explicitFileType = wrapper.application; includeInIndex = 0; path = StellaFuelBuddy.app; sourceTree = BUILT_PRODUCTS_DIR; };
		B9D45E0C2E57DF58003A6F92 /* StellaFuelBuddyWidgetExtension.appex */ = {isa = PBXFileReference; explicitFileType = "wrapper.app-extension"; includeInIndex = 0; path = StellaFuelBuddyWidgetExtension.appex; sourceTree = BUILT_PRODUCTS_DIR; };
		B9D45E0E2E57DF58003A6F92 /* WidgetKit.framework */ = {isa = PBXFileReference; lastKnownFileType = wrapper.framework; name = WidgetKit.framework; path = System/Library/Frameworks/WidgetKit.framework; sourceTree = SDKROOT; };
		B9D45E102E57DF58003A6F92 /* SwiftUI.framework */ = {isa = PBXFileReference; lastKnownFileType = wrapper.framework; name = SwiftUI.framework; path = System/Library/Frameworks/SwiftUI.framework; sourceTree = SDKROOT; };
		B9D45E262E57DF70003A6F92 /* StellaFuelBuddyWidgetExtension.entitlements */ = {isa = PBXFileReference; lastKnownFileType = text.plist.entitlements; path = StellaFuelBuddyWidgetExtension.entitlements; sourceTree = "<group>"; };
/* End PBXFileReference section */

/* Begin PBXFileSystemSynchronizedBuildFileExceptionSet section */
		B9CABC8D2E53EA200039E6F3 /* Exceptions for "StellaFuelBuddy" folder in "StellaFuelBuddy" target */ = {
			isa = PBXFileSystemSynchronizedBuildFileExceptionSet;
			membershipExceptions = (
				Info.plist,
			);
			target = B9CABC742E53E69F0039E6F3 /* StellaFuelBuddy */;
		};
		B9D45E242E57DF59003A6F92 /* Exceptions for "StellaFuelBuddyWidget" folder in "StellaFuelBuddyWidgetExtension" target */ = {
			isa = PBXFileSystemSynchronizedBuildFileExceptionSet;
			membershipExceptions = (
				Info.plist,
			);
			target = B9D45E0B2E57DF58003A6F92 /* StellaFuelBuddyWidgetExtension */;
		};
		B9D45E2A2E57E013003A6F92 /* Exceptions for "StellaFuelBuddy" folder in "StellaFuelBuddyWidgetExtension" target */ = {
			isa = PBXFileSystemSynchronizedBuildFileExceptionSet;
			membershipExceptions = (
				ScooterFuelGuage.swift,
				SharedStore.swift,
			);
			target = B9D45E0B2E57DF58003A6F92 /* StellaFuelBuddyWidgetExtension */;
		};
		B9D45E312E5815D4003A6F92 /* Exceptions for "StellaFuelBuddyWidget" folder in "StellaFuelBuddy" target */ = {
			isa = PBXFileSystemSynchronizedBuildFileExceptionSet;
			membershipExceptions = (
				FuelEntry.swift,
			);
			target = B9CABC742E53E69F0039E6F3 /* StellaFuelBuddy */;
		};
/* End PBXFileSystemSynchronizedBuildFileExceptionSet section */

/* Begin PBXFileSystemSynchronizedRootGroup section */
		B9CABC772E53E69F0039E6F3 /* StellaFuelBuddy */ = {
			isa = PBXFileSystemSynchronizedRootGroup;
			exceptions = (
				B9CABC8D2E53EA200039E6F3 /* Exceptions for "StellaFuelBuddy" folder in "StellaFuelBuddy" target */,
				B9D45E2A2E57E013003A6F92 /* Exceptions for "StellaFuelBuddy" folder in "StellaFuelBuddyWidgetExtension" target */,
			);
			path = StellaFuelBuddy;
			sourceTree = "<group>";
		};
		B9D45E122E57DF58003A6F92 /* StellaFuelBuddyWidget */ = {
			isa = PBXFileSystemSynchronizedRootGroup;
			exceptions = (
				B9D45E312E5815D4003A6F92 /* Exceptions for "StellaFuelBuddyWidget" folder in "StellaFuelBuddy" target */,
				B9D45E242E57DF59003A6F92 /* Exceptions for "StellaFuelBuddyWidget" folder in "StellaFuelBuddyWidgetExtension" target */,
			);
			path = StellaFuelBuddyWidget;
			sourceTree = "<group>";
		};
/* End PBXFileSystemSynchronizedRootGroup section */

/* Begin PBXFrameworksBuildPhase section */
		B9CABC722E53E69F0039E6F3 /* Frameworks */ = {
			isa = PBXFrameworksBuildPhase;
			buildActionMask = 2147483647;
			files = (
			);
			runOnlyForDeploymentPostprocessing = 0;
		};
		B9D45E092E57DF58003A6F92 /* Frameworks */ = {
			isa = PBXFrameworksBuildPhase;
			buildActionMask = 2147483647;
			files = (
				B9D45E112E57DF58003A6F92 /* SwiftUI.framework in Frameworks */,
				B9D45E0F2E57DF58003A6F92 /* WidgetKit.framework in Frameworks */,
			);
			runOnlyForDeploymentPostprocessing = 0;
		};
/* End PBXFrameworksBuildPhase section */

/* Begin PBXGroup section */
		B9CABC6C2E53E69F0039E6F3 = {
			isa = PBXGroup;
			children = (
				B9D45E262E57DF70003A6F92 /* StellaFuelBuddyWidgetExtension.entitlements */,
				B9CABC772E53E69F0039E6F3 /* StellaFuelBuddy */,
				B9D45E122E57DF58003A6F92 /* StellaFuelBuddyWidget */,
				B9D45E0D2E57DF58003A6F92 /* Frameworks */,
				B9CABC762E53E69F0039E6F3 /* Products */,
			);
			sourceTree = "<group>";
		};
		B9CABC762E53E69F0039E6F3 /* Products */ = {
			isa = PBXGroup;
			children = (
				B9CABC752E53E69F0039E6F3 /* StellaFuelBuddy.app */,
				B9D45E0C2E57DF58003A6F92 /* StellaFuelBuddyWidgetExtension.appex */,
			);
			name = Products;
			sourceTree = "<group>";
		};
		B9D45E0D2E57DF58003A6F92 /* Frameworks */ = {
			isa = PBXGroup;
			children = (
				B9D45E0E2E57DF58003A6F92 /* WidgetKit.framework */,
				B9D45E102E57DF58003A6F92 /* SwiftUI.framework */,
			);
			name = Frameworks;
			sourceTree = "<group>";
		};
/* End PBXGroup section */

/* Begin PBXNativeTarget section */
		B9CABC742E53E69F0039E6F3 /* StellaFuelBuddy */ = {
			isa = PBXNativeTarget;
			buildConfigurationList = B9CABC802E53E6A10039E6F3 /* Build configuration list for PBXNativeTarget "StellaFuelBuddy" */;
			buildPhases = (
				B9CABC712E53E69F0039E6F3 /* Sources */,
				B9CABC722E53E69F0039E6F3 /* Frameworks */,
				B9CABC732E53E69F0039E6F3 /* Resources */,
				B9D45E252E57DF59003A6F92 /* Embed Foundation Extensions */,
			);
			buildRules = (
			);
			dependencies = (
				B9D45E1F2E57DF59003A6F92 /* PBXTargetDependency */,
			);
			fileSystemSynchronizedGroups = (
				B9CABC772E53E69F0039E6F3 /* StellaFuelBuddy */,
			);
			name = StellaFuelBuddy;
			packageProductDependencies = (
			);
			productName = StellaFuelBuddy;
			productReference = B9CABC752E53E69F0039E6F3 /* StellaFuelBuddy.app */;
			productType = "com.apple.product-type.application";
		};
		B9D45E0B2E57DF58003A6F92 /* StellaFuelBuddyWidgetExtension */ = {
			isa = PBXNativeTarget;
			buildConfigurationList = B9D45E212E57DF59003A6F92 /* Build configuration list for PBXNativeTarget "StellaFuelBuddyWidgetExtension" */;
			buildPhases = (
				B9D45E082E57DF58003A6F92 /* Sources */,
				B9D45E092E57DF58003A6F92 /* Frameworks */,
				B9D45E0A2E57DF58003A6F92 /* Resources */,
			);
			buildRules = (
			);
			dependencies = (
			);
			fileSystemSynchronizedGroups = (
				B9D45E122E57DF58003A6F92 /* StellaFuelBuddyWidget */,
			);
			name = StellaFuelBuddyWidgetExtension;
			packageProductDependencies = (
			);
			productName = StellaFuelBuddyWidgetExtension;
			productReference = B9D45E0C2E57DF58003A6F92 /* StellaFuelBuddyWidgetExtension.appex */;
			productType = "com.apple.product-type.app-extension";
		};
/* End PBXNativeTarget section */

/* Begin PBXProject section */
		B9CABC6D2E53E69F0039E6F3 /* Project object */ = {
			isa = PBXProject;
			attributes = {
				BuildIndependentTargetsInParallel = 1;
				LastSwiftUpdateCheck = 1640;
				LastUpgradeCheck = 1640;
				TargetAttributes = {
					B9CABC742E53E69F0039E6F3 = {
						CreatedOnToolsVersion = 16.4;
					};
					B9D45E0B2E57DF58003A6F92 = {
						CreatedOnToolsVersion = 16.4;
					};
				};
			};
			buildConfigurationList = B9CABC702E53E69F0039E6F3 /* Build configuration list for PBXProject "StellaFuelBuddy" */;
			developmentRegion = en;
			hasScannedForEncodings = 0;
			knownRegions = (
				en,
				Base,
			);
			mainGroup = B9CABC6C2E53E69F0039E6F3;
			minimizedProjectReferenceProxies = 1;
			preferredProjectObjectVersion = 77;
			productRefGroup = B9CABC762E53E69F0039E6F3 /* Products */;
			projectDirPath = "";
			projectRoot = "";
			targets = (
				B9CABC742E53E69F0039E6F3 /* StellaFuelBuddy */,
				B9D45E0B2E57DF58003A6F92 /* StellaFuelBuddyWidgetExtension */,
			);
		};
/* End PBXProject section */

/* Begin PBXResourcesBuildPhase section */
		B9CABC732E53E69F0039E6F3 /* Resources */ = {
			isa = PBXResourcesBuildPhase;
			buildActionMask = 2147483647;
			files = (
			);
			runOnlyForDeploymentPostprocessing = 0;
		};
		B9D45E0A2E57DF58003A6F92 /* Resources */ = {
			isa = PBXResourcesBuildPhase;
			buildActionMask = 2147483647;
			files = (
			);
			runOnlyForDeploymentPostprocessing = 0;
		};
/* End PBXResourcesBuildPhase section */

/* Begin PBXSourcesBuildPhase section */
		B9CABC712E53E69F0039E6F3 /* Sources */ = {
			isa = PBXSourcesBuildPhase;
			buildActionMask = 2147483647;
			files = (
			);
			runOnlyForDeploymentPostprocessing = 0;
		};
		B9D45E082E57DF58003A6F92 /* Sources */ = {
			isa = PBXSourcesBuildPhase;
			buildActionMask = 2147483647;
			files = (
			);
			runOnlyForDeploymentPostprocessing = 0;
		};
/* End PBXSourcesBuildPhase section */

/* Begin PBXTargetDependency section */
		B9D45E1F2E57DF59003A6F92 /* PBXTargetDependency */ = {
			isa = PBXTargetDependency;
			target = B9D45E0B2E57DF58003A6F92 /* StellaFuelBuddyWidgetExtension */;
			targetProxy = B9D45E1E2E57DF59003A6F92 /* PBXContainerItemProxy */;
		};
/* End PBXTargetDependency section */

/* Begin XCBuildConfiguration section */
		B9CABC7E2E53E6A10039E6F3 /* Debug */ = {
			isa = XCBuildConfiguration;
			buildSettings = {
				ALWAYS_SEARCH_USER_PATHS = NO;
				ASSETCATALOG_COMPILER_GENERATE_SWIFT_ASSET_SYMBOL_EXTENSIONS = YES;
				CLANG_ANALYZER_NONNULL = YES;
				CLANG_ANALYZER_NUMBER_OBJECT_CONVERSION = YES_AGGRESSIVE;
				CLANG_CXX_LANGUAGE_STANDARD = "gnu++20";
				CLANG_ENABLE_MODULES = YES;
				CLANG_ENABLE_OBJC_ARC = YES;
				CLANG_ENABLE_OBJC_WEAK = YES;
				CLANG_WARN_BLOCK_CAPTURE_AUTORELEASING = YES;
				CLANG_WARN_BOOL_CONVERSION = YES;
				CLANG_WARN_COMMA = YES;
				CLANG_WARN_CONSTANT_CONVERSION = YES;
				CLANG_WARN_DEPRECATED_OBJC_IMPLEMENTATIONS = YES;
				CLANG_WARN_DIRECT_OBJC_ISA_USAGE = YES_ERROR;
				CLANG_WARN_DOCUMENTATION_COMMENTS = YES;
				CLANG_WARN_EMPTY_BODY = YES;
				CLANG_WARN_ENUM_CONVERSION = YES;
				CLANG_WARN_INFINITE_RECURSION = YES;
				CLANG_WARN_INT_CONVERSION = YES;
				CLANG_WARN_NON_LITERAL_NULL_CONVERSION = YES;
				CLANG_WARN_OBJC_IMPLICIT_RETAIN_SELF = YES;
				CLANG_WARN_OBJC_LITERAL_CONVERSION = YES;
				CLANG_WARN_OBJC_ROOT_CLASS = YES_ERROR;
				CLANG_WARN_QUOTED_INCLUDE_IN_FRAMEWORK_HEADER = YES;
				CLANG_WARN_RANGE_LOOP_ANALYSIS = YES;
				CLANG_WARN_STRICT_PROTOTYPES = YES;
				CLANG_WARN_SUSPICIOUS_MOVE = YES;
				CLANG_WARN_UNGUARDED_AVAILABILITY = YES_AGGRESSIVE;
				CLANG_WARN_UNREACHABLE_CODE = YES;
				CLANG_WARN__DUPLICATE_METHOD_MATCH = YES;
				COPY_PHASE_STRIP = NO;
				DEBUG_INFORMATION_FORMAT = dwarf;
				DEVELOPMENT_TEAM = 3K955FKWS8;
				ENABLE_STRICT_OBJC_MSGSEND = YES;
				ENABLE_TESTABILITY = YES;
				ENABLE_USER_SCRIPT_SANDBOXING = YES;
				GCC_C_LANGUAGE_STANDARD = gnu17;
				GCC_DYNAMIC_NO_PIC = NO;
				GCC_NO_COMMON_BLOCKS = YES;
				GCC_OPTIMIZATION_LEVEL = 0;
				GCC_PREPROCESSOR_DEFINITIONS = (
					"DEBUG=1",
					"$(inherited)",
				);
				GCC_WARN_64_TO_32_BIT_CONVERSION = YES;
				GCC_WARN_ABOUT_RETURN_TYPE = YES_ERROR;
				GCC_WARN_UNDECLARED_SELECTOR = YES;
				GCC_WARN_UNINITIALIZED_AUTOS = YES_AGGRESSIVE;
				GCC_WARN_UNUSED_FUNCTION = YES;
				GCC_WARN_UNUSED_VARIABLE = YES;
				IPHONEOS_DEPLOYMENT_TARGET = 18.5;
				LOCALIZATION_PREFERS_STRING_CATALOGS = YES;
				MTL_ENABLE_DEBUG_INFO = INCLUDE_SOURCE;
				MTL_FAST_MATH = YES;
				ONLY_ACTIVE_ARCH = YES;
				SDKROOT = iphoneos;
				SWIFT_ACTIVE_COMPILATION_CONDITIONS = "DEBUG $(inherited)";
				SWIFT_OPTIMIZATION_LEVEL = "-Onone";
			};
			name = Debug;
		};
		B9CABC7F2E53E6A10039E6F3 /* Release */ = {
			isa = XCBuildConfiguration;
			buildSettings = {
				ALWAYS_SEARCH_USER_PATHS = NO;
				ASSETCATALOG_COMPILER_GENERATE_SWIFT_ASSET_SYMBOL_EXTENSIONS = YES;
				CLANG_ANALYZER_NONNULL = YES;
				CLANG_ANALYZER_NUMBER_OBJECT_CONVERSION = YES_AGGRESSIVE;
				CLANG_CXX_LANGUAGE_STANDARD = "gnu++20";
				CLANG_ENABLE_MODULES = YES;
				CLANG_ENABLE_OBJC_ARC = YES;
				CLANG_ENABLE_OBJC_WEAK = YES;
				CLANG_WARN_BLOCK_CAPTURE_AUTORELEASING = YES;
				CLANG_WARN_BOOL_CONVERSION = YES;
				CLANG_WARN_COMMA = YES;
				CLANG_WARN_CONSTANT_CONVERSION = YES;
				CLANG_WARN_DEPRECATED_OBJC_IMPLEMENTATIONS = YES;
				CLANG_WARN_DIRECT_OBJC_ISA_USAGE = YES_ERROR;
				CLANG_WARN_DOCUMENTATION_COMMENTS = YES;
				CLANG_WARN_EMPTY_BODY = YES;
				CLANG_WARN_ENUM_CONVERSION = YES;
				CLANG_WARN_INFINITE_RECURSION = YES;
				CLANG_WARN_INT_CONVERSION = YES;
				CLANG_WARN_NON_LITERAL_NULL_CONVERSION = YES;
				CLANG_WARN_OBJC_IMPLICIT_RETAIN_SELF = YES;
				CLANG_WARN_OBJC_LITERAL_CONVERSION = YES;
				CLANG_WARN_OBJC_ROOT_CLASS = YES_ERROR;
				CLANG_WARN_QUOTED_INCLUDE_IN_FRAMEWORK_HEADER = YES;
				CLANG_WARN_RANGE_LOOP_ANALYSIS = YES;
				CLANG_WARN_STRICT_PROTOTYPES = YES;
				CLANG_WARN_SUSPICIOUS_MOVE = YES;
				CLANG_WARN_UNGUARDED_AVAILABILITY = YES_AGGRESSIVE;
				CLANG_WARN_UNREACHABLE_CODE = YES;
				CLANG_WARN__DUPLICATE_METHOD_MATCH = YES;
				COPY_PHASE_STRIP = NO;
				DEBUG_INFORMATION_FORMAT = "dwarf-with-dsym";
				DEVELOPMENT_TEAM = 3K955FKWS8;
				ENABLE_NS_ASSERTIONS = NO;
				ENABLE_STRICT_OBJC_MSGSEND = YES;
				ENABLE_USER_SCRIPT_SANDBOXING = YES;
				GCC_C_LANGUAGE_STANDARD = gnu17;
				GCC_NO_COMMON_BLOCKS = YES;
				GCC_WARN_64_TO_32_BIT_CONVERSION = YES;
				GCC_WARN_ABOUT_RETURN_TYPE = YES_ERROR;
				GCC_WARN_UNDECLARED_SELECTOR = YES;
				GCC_WARN_UNINITIALIZED_AUTOS = YES_AGGRESSIVE;
				GCC_WARN_UNUSED_FUNCTION = YES;
				GCC_WARN_UNUSED_VARIABLE = YES;
				IPHONEOS_DEPLOYMENT_TARGET = 18.5;
				LOCALIZATION_PREFERS_STRING_CATALOGS = YES;
				MTL_ENABLE_DEBUG_INFO = NO;
				MTL_FAST_MATH = YES;
				SDKROOT = iphoneos;
				SWIFT_COMPILATION_MODE = wholemodule;
				VALIDATE_PRODUCT = YES;
			};
			name = Release;
		};
		B9CABC812E53E6A10039E6F3 /* Debug */ = {
			isa = XCBuildConfiguration;
			buildSettings = {
				ASSETCATALOG_COMPILER_APPICON_NAME = AppIcon;
				ASSETCATALOG_COMPILER_GLOBAL_ACCENT_COLOR_NAME = AccentColor;
				ASSETCATALOG_COMPILER_INCLUDE_ALL_APPICON_ASSETS = YES;
				CODE_SIGN_ENTITLEMENTS = StellaFuelBuddy/StellaFuelBuddy.entitlements;
				CODE_SIGN_STYLE = Automatic;
				CURRENT_PROJECT_VERSION = 5;
				DEVELOPMENT_TEAM = 3K955FKWS8;
				ENABLE_PREVIEWS = YES;
				GENERATE_INFOPLIST_FILE = YES;
				INFOPLIST_FILE = StellaFuelBuddy/Info.plist;
				INFOPLIST_KEY_NSLocationAlwaysAndWhenInUseUsageDescription = "Allows tracking in the background during rides.";
				INFOPLIST_KEY_NSLocationWhenInUseUsageDescription = "Used to measure scooter ride distance for fuel tracking.";
				INFOPLIST_KEY_UIApplicationSceneManifest_Generation = YES;
				INFOPLIST_KEY_UIApplicationSupportsIndirectInputEvents = YES;
				INFOPLIST_KEY_UILaunchScreen_Generation = YES;
				INFOPLIST_KEY_UISupportedInterfaceOrientations_iPhone = "UIInterfaceOrientationPortrait UIInterfaceOrientationLandscapeLeft UIInterfaceOrientationLandscapeRight";
				LD_RUNPATH_SEARCH_PATHS = (
					"$(inherited)",
					"@executable_path/Frameworks",
				);
				MARKETING_VERSION = 1.0;
				PRODUCT_BUNDLE_IDENTIFIER = Test.StellaFuelBuddy;
				PRODUCT_NAME = "$(TARGET_NAME)";
				SUPPORTED_PLATFORMS = "iphoneos iphonesimulator";
				SUPPORTS_MACCATALYST = NO;
				SUPPORTS_MAC_DESIGNED_FOR_IPHONE_IPAD = NO;
				SUPPORTS_XR_DESIGNED_FOR_IPHONE_IPAD = NO;
				SWIFT_EMIT_LOC_STRINGS = YES;
				SWIFT_VERSION = 5.0;
				TARGETED_DEVICE_FAMILY = 1;
			};
			name = Debug;
		};
		B9CABC822E53E6A10039E6F3 /* Release */ = {
			isa = XCBuildConfiguration;
			buildSettings = {
				ASSETCATALOG_COMPILER_APPICON_NAME = AppIcon;
				ASSETCATALOG_COMPILER_GLOBAL_ACCENT_COLOR_NAME = AccentColor;
				ASSETCATALOG_COMPILER_INCLUDE_ALL_APPICON_ASSETS = YES;
				CODE_SIGN_ENTITLEMENTS = StellaFuelBuddy/StellaFuelBuddy.entitlements;
				CODE_SIGN_STYLE = Automatic;
				CURRENT_PROJECT_VERSION = 5;
				DEVELOPMENT_TEAM = 3K955FKWS8;
				ENABLE_PREVIEWS = YES;
				GENERATE_INFOPLIST_FILE = YES;
				INFOPLIST_FILE = StellaFuelBuddy/Info.plist;
				INFOPLIST_KEY_NSLocationAlwaysAndWhenInUseUsageDescription = "Allows tracking in the background during rides.";
				INFOPLIST_KEY_NSLocationWhenInUseUsageDescription = "Used to measure scooter ride distance for fuel tracking.";
				INFOPLIST_KEY_UIApplicationSceneManifest_Generation = YES;
				INFOPLIST_KEY_UIApplicationSupportsIndirectInputEvents = YES;
				INFOPLIST_KEY_UILaunchScreen_Generation = YES;
				INFOPLIST_KEY_UISupportedInterfaceOrientations_iPhone = "UIInterfaceOrientationPortrait UIInterfaceOrientationLandscapeLeft UIInterfaceOrientationLandscapeRight";
				LD_RUNPATH_SEARCH_PATHS = (
					"$(inherited)",
					"@executable_path/Frameworks",
				);
				MARKETING_VERSION = 1.0;
				PRODUCT_BUNDLE_IDENTIFIER = Test.StellaFuelBuddy;
				PRODUCT_NAME = "$(TARGET_NAME)";
				SUPPORTED_PLATFORMS = "iphoneos iphonesimulator";
				SUPPORTS_MACCATALYST = NO;
				SUPPORTS_MAC_DESIGNED_FOR_IPHONE_IPAD = NO;
				SUPPORTS_XR_DESIGNED_FOR_IPHONE_IPAD = NO;
				SWIFT_EMIT_LOC_STRINGS = YES;
				SWIFT_VERSION = 5.0;
				TARGETED_DEVICE_FAMILY = 1;
			};
			name = Release;
		};
		B9D45E222E57DF59003A6F92 /* Debug */ = {
			isa = XCBuildConfiguration;
			buildSettings = {
				ASSETCATALOG_COMPILER_GLOBAL_ACCENT_COLOR_NAME = AccentColor;
				ASSETCATALOG_COMPILER_WIDGET_BACKGROUND_COLOR_NAME = WidgetBackground;
				CODE_SIGN_ENTITLEMENTS = StellaFuelBuddyWidgetExtension.entitlements;
				CODE_SIGN_STYLE = Automatic;
				CURRENT_PROJECT_VERSION = 5;
				DEVELOPMENT_TEAM = 3K955FKWS8;
				GENERATE_INFOPLIST_FILE = YES;
				INFOPLIST_FILE = StellaFuelBuddyWidget/Info.plist;
				INFOPLIST_KEY_CFBundleDisplayName = StellaFuelBuddyWidget;
				INFOPLIST_KEY_NSHumanReadableCopyright = "";
				LD_RUNPATH_SEARCH_PATHS = (
					"$(inherited)",
					"@executable_path/Frameworks",
					"@executable_path/../../Frameworks",
				);
				MARKETING_VERSION = 1.0;
				PRODUCT_BUNDLE_IDENTIFIER = Test.StellaFuelBuddy.StellaFuelBuddyWidget;
				PRODUCT_NAME = "$(TARGET_NAME)";
				SKIP_INSTALL = YES;
				SUPPORTED_PLATFORMS = "iphoneos iphonesimulator";
				SUPPORTS_MACCATALYST = NO;
				SUPPORTS_MAC_DESIGNED_FOR_IPHONE_IPAD = NO;
				SUPPORTS_XR_DESIGNED_FOR_IPHONE_IPAD = NO;
				SWIFT_EMIT_LOC_STRINGS = YES;
				SWIFT_VERSION = 5.0;
				TARGETED_DEVICE_FAMILY = 1;
			};
			name = Debug;
		};
		B9D45E232E57DF59003A6F92 /* Release */ = {
			isa = XCBuildConfiguration;
			buildSettings = {
				ASSETCATALOG_COMPILER_GLOBAL_ACCENT_COLOR_NAME = AccentColor;
				ASSETCATALOG_COMPILER_WIDGET_BACKGROUND_COLOR_NAME = WidgetBackground;
				CODE_SIGN_ENTITLEMENTS = StellaFuelBuddyWidgetExtension.entitlements;
				CODE_SIGN_STYLE = Automatic;
				CURRENT_PROJECT_VERSION = 5;
				DEVELOPMENT_TEAM = 3K955FKWS8;
				GENERATE_INFOPLIST_FILE = YES;
				INFOPLIST_FILE = StellaFuelBuddyWidget/Info.plist;
				INFOPLIST_KEY_CFBundleDisplayName = StellaFuelBuddyWidget;
				INFOPLIST_KEY_NSHumanReadableCopyright = "";
				LD_RUNPATH_SEARCH_PATHS = (
					"$(inherited)",
					"@executable_path/Frameworks",
					"@executable_path/../../Frameworks",
				);
				MARKETING_VERSION = 1.0;
				PRODUCT_BUNDLE_IDENTIFIER = Test.StellaFuelBuddy.StellaFuelBuddyWidget;
				PRODUCT_NAME = "$(TARGET_NAME)";
				SKIP_INSTALL = YES;
				SUPPORTED_PLATFORMS = "iphoneos iphonesimulator";
				SUPPORTS_MACCATALYST = NO;
				SUPPORTS_MAC_DESIGNED_FOR_IPHONE_IPAD = NO;
				SUPPORTS_XR_DESIGNED_FOR_IPHONE_IPAD = NO;
				SWIFT_EMIT_LOC_STRINGS = YES;
				SWIFT_VERSION = 5.0;
				TARGETED_DEVICE_FAMILY = 1;
			};
			name = Release;
		};
/* End XCBuildConfiguration section */

/* Begin XCConfigurationList section */
		B9CABC702E53E69F0039E6F3 /* Build configuration list for PBXProject "StellaFuelBuddy" */ = {
			isa = XCConfigurationList;
			buildConfigurations = (
				B9CABC7E2E53E6A10039E6F3 /* Debug */,
				B9CABC7F2E53E6A10039E6F3 /* Release */,
			);
			defaultConfigurationIsVisible = 0;
			defaultConfigurationName = Release;
		};
		B9CABC802E53E6A10039E6F3 /* Build configuration list for PBXNativeTarget "StellaFuelBuddy" */ = {
			isa = XCConfigurationList;
			buildConfigurations = (
				B9CABC812E53E6A10039E6F3 /* Debug */,
				B9CABC822E53E6A10039E6F3 /* Release */,
			);
			defaultConfigurationIsVisible = 0;
			defaultConfigurationName = Release;
		};
		B9D45E212E57DF59003A6F92 /* Build configuration list for PBXNativeTarget "StellaFuelBuddyWidgetExtension" */ = {
			isa = XCConfigurationList;
			buildConfigurations = (
				B9D45E222E57DF59003A6F92 /* Debug */,
				B9D45E232E57DF59003A6F92 /* Release */,
			);
			defaultConfigurationIsVisible = 0;
			defaultConfigurationName = Release;
		};
/* End XCConfigurationList section */
	};
	rootObject = B9CABC6D2E53E69F0039E6F3 /* Project object */;
}
